
Microsoft Visual Studio Solution File, Format Version 12.00
# Visual Studio Version 16
VisualStudioVersion = 16.0.30320.27
MinimumVisualStudioVersion = 10.0.40219.1
Project("{FAE04EC0-301F-11D3-BF4B-00C04F79EFBC}") = "week2task2sub2", "week2task2sub2.csproj", "{22C1E1CC-093B-4982-A9B8-B1601443168B}"
EndProject
Global
	GlobalSection(SolutionConfigurationPlatforms) = preSolution
		Debug|Any CPU = Debug|Any CPU
		Release|Any CPU = Release|Any CPU
	EndGlobalSection
	GlobalSection(ProjectConfigurationPlatforms) = postSolution
		{22C1E1CC-093B-4982-A9B8-B1601443168B}.Debug|Any CPU.ActiveCfg = Debug|Any CPU
		{22C1E1CC-093B-4982-A9B8-B1601443168B}.Debug|Any CPU.Build.0 = Debug|Any CPU
		{22C1E1CC-093B-4982-A9B8-B1601443168B}.Release|Any CPU.ActiveCfg = Release|Any CPU
		{22C1E1CC-093B-4982-A9B8-B1601443168B}.Release|Any CPU.Build.0 = Release|Any CPU
	EndGlobalSection
	GlobalSection(SolutionProperties) = preSolution
		HideSolutionNode = FALSE
	EndGlobalSection
	GlobalSection(ExtensibilityGlobals) = postSolution
		SolutionGuid = {5A9B2AA6-2F74-4104-866B-100762094B38}
	EndGlobalSection
EndGlobal
